<Solution>
  <Folder Name="/.solution/">
    <File Path=".gitignore" />
    <File Path=".editorconfig" />
    <File Path="global.json" />
    <File Path=".csharpierignore" />
  </Folder>
  <Folder Name="/samples/">
    <Project Path="samples\EFCore.PgSearch.Api\EFCore.PgSearch.Api.csproj" Type="Classic C#" />
  </Folder>
  <Folder Name="/src/">
    <Project Path="src\EFCore.PgSearch\EFCore.PgSearch.csproj" Type="Classic C#" />
  </Folder>
</Solution>
